
Microsoft Visual Studio Solution File, Format Version 12.00
# Visual Studio Version 16
VisualStudioVersion = 16.0.31129.286
MinimumVisualStudioVersion = 10.0.40219.1
Project("{FAE04EC0-301F-11D3-BF4B-00C04F79EFBC}") = "SlotMachine", "SlotMachine\SlotMachine.csproj", "{FD9489D6-008C-4BFE-B7B4-C013584473D0}"
EndProject
Global
	GlobalSection(SolutionConfigurationPlatforms) = preSolution
		Debug|Any CPU = Debug|Any CPU
		Release|Any CPU = Release|Any CPU
	EndGlobalSection
	GlobalSection(ProjectConfigurationPlatforms) = postSolution
		{FD9489D6-008C-4BFE-B7B4-C013584473D0}.Debug|Any CPU.ActiveCfg = Debug|Any CPU
		{FD9489D6-008C-4BFE-B7B4-C013584473D0}.Debug|Any CPU.Build.0 = Debug|Any CPU
		{FD9489D6-008C-4BFE-B7B4-C013584473D0}.Release|Any CPU.ActiveCfg = Release|Any CPU
		{FD9489D6-008C-4BFE-B7B4-C013584473D0}.Release|Any CPU.Build.0 = Release|Any CPU
	EndGlobalSection
	GlobalSection(SolutionProperties) = preSolution
		HideSolutionNode = FALSE
	EndGlobalSection
	GlobalSection(ExtensibilityGlobals) = postSolution
		SolutionGuid = {FCFB8EDB-1975-4D67-A65E-1D951BD99ECE}
	EndGlobalSection
EndGlobal
